
Microsoft Visual Studio Solution File, Format Version 12.00
# Visual Studio Version 16
VisualStudioVersion = 16.0.30413.136
MinimumVisualStudioVersion = 10.0.40219.1
Project("{FAE04EC0-301F-11D3-BF4B-00C04F79EFBC}") = "WpfApp1", "WpfApp1\WpfApp1.csproj", "{ABB03829-C115-4FBB-A0B8-2EECFB6E18D1}"
EndProject
Project("{FAE04EC0-301F-11D3-BF4B-00C04F79EFBC}") = "Lib", "Lib\Lib.csproj", "{E33511E0-3A27-4F79-8A5C-23E0FFA49287}"
EndProject
Global
	GlobalSection(SolutionConfigurationPlatforms) = preSolution
		Debug|Any CPU = Debug|Any CPU
		Release|Any CPU = Release|Any CPU
	EndGlobalSection
	GlobalSection(ProjectConfigurationPlatforms) = postSolution
		{ABB03829-C115-4FBB-A0B8-2EECFB6E18D1}.Debug|Any CPU.ActiveCfg = Debug|Any CPU
		{ABB03829-C115-4FBB-A0B8-2EECFB6E18D1}.Debug|Any CPU.Build.0 = Debug|Any CPU
		{ABB03829-C115-4FBB-A0B8-2EECFB6E18D1}.Release|Any CPU.ActiveCfg = Release|Any CPU
		{ABB03829-C115-4FBB-A0B8-2EECFB6E18D1}.Release|Any CPU.Build.0 = Release|Any CPU
		{E33511E0-3A27-4F79-8A5C-23E0FFA49287}.Debug|Any CPU.ActiveCfg = Debug|Any CPU
		{E33511E0-3A27-4F79-8A5C-23E0FFA49287}.Debug|Any CPU.Build.0 = Debug|Any CPU
		{E33511E0-3A27-4F79-8A5C-23E0FFA49287}.Release|Any CPU.ActiveCfg = Release|Any CPU
		{E33511E0-3A27-4F79-8A5C-23E0FFA49287}.Release|Any CPU.Build.0 = Release|Any CPU
	EndGlobalSection
	GlobalSection(SolutionProperties) = preSolution
		HideSolutionNode = FALSE
	EndGlobalSection
	GlobalSection(ExtensibilityGlobals) = postSolution
		SolutionGuid = {B59F764C-3BA9-4332-9844-1F85E44D5080}
	EndGlobalSection
EndGlobal
